Microsoft Visual Studio Solution File, Format Version 12.00
# Visual Studio Version 17
VisualStudioVersion = 17.5.2.0
MinimumVisualStudioVersion = 10.0.40219.1
Project("{FAE04EC0-301F-11D3-BF4B-00C04F79EFBC}") = "kocaaliv2", "kocaaliv2.csproj", "{3936AE8B-82B9-2745-9CC2-97B843618B00}"
EndProject
Global
	GlobalSection(SolutionConfigurationPlatforms) = preSolution
		Debug|Any CPU = Debug|Any CPU
		Release|Any CPU = Release|Any CPU
	EndGlobalSection
	GlobalSection(ProjectConfigurationPlatforms) = postSolution
		{3936AE8B-82B9-2745-9CC2-97B843618B00}.Debug|Any CPU.ActiveCfg = Debug|Any CPU
		{3936AE8B-82B9-2745-9CC2-97B843618B00}.Debug|Any CPU.Build.0 = Debug|Any CPU
		{3936AE8B-82B9-2745-9CC2-97B843618B00}.Release|Any CPU.ActiveCfg = Release|Any CPU
		{3936AE8B-82B9-2745-9CC2-97B843618B00}.Release|Any CPU.Build.0 = Release|Any CPU
	EndGlobalSection
	GlobalSection(SolutionProperties) = preSolution
		HideSolutionNode = FALSE
	EndGlobalSection
	GlobalSection(ExtensibilityGlobals) = postSolution
		SolutionGuid = {8CE55EB8-260D-4F01-866D-FD49EC1ABE58}
	EndGlobalSection
EndGlobal
